<?xml version="1.0" encoding="utf-8"?>
<Project ToolsVersion="4.0" xmlns="http://schemas.microsoft.com/developer/msbuild/2003">
  <ItemGroup>
    <Filter Include="Source Files">
      <UniqueIdentifier>{4FC737F1-C7A5-4376-A066-2A32D752A2FF}</UniqueIdentifier>
      <Extensions>cpp;c;cc;cxx;c++;cppm;ixx;def;odl;idl;hpj;bat;asm;asmx</Extensions>
    </Filter>
    <Filter Include="Header Files">
      <UniqueIdentifier>{93995380-89BD-4b04-88EB-625FBE52EBFB}</UniqueIdentifier>
      <Extensions>h;hh;hpp;hxx;h++;hm;inl;inc;ipp;xsd</Extensions>
    </Filter>
    <Filter Include="Resource Files">
      <UniqueIdentifier>{67DA6AB6-F800-4c08-8B7A-83BB121AAD01}</UniqueIdentifier>
      <Extensions>rc;ico;cur;bmp;dlg;rc2;rct;bin;rgs;gif;jpg;jpeg;jpe;resx;tiff;tif;png;wav;mfcribbon-ms</Extensions>
    </Filter>
    <Filter Include="Header Files\z1">
      <UniqueIdentifier>{760eaf04-0be2-43eb-97bd-d61725d9505d}</UniqueIdentifier>
    </Filter>
    <Filter Include="Header Files\z2">
      <UniqueIdentifier>{b0d756ff-81cc-4e67-9d74-6bf46c861b72}</UniqueIdentifier>
    </Filter>
    <Filter Include="Header Files\z3">
      <UniqueIdentifier>{04c3559c-cc3e-4e09-b31f-567861d3d5f1}</UniqueIdentifier>
    </Filter>
    <Filter Include="Header Files\z4">
      <UniqueIdentifier>{83652ee9-c973-4720-934e-6d6f1dea3637}</UniqueIdentifier>
    </Filter>
  </ItemGroup>
  <ItemGroup>
    <ClCompile Include="Source.cpp">
      <Filter>Source Files</Filter>
    </ClCompile>
  </ItemGroup>
  <ItemGroup>
    <ClInclude Include="PomocneFunkcije.h">
      <Filter>Header Files</Filter>
    </ClInclude>
    <ClInclude Include="Datum.h">
      <Filter>Header Files\z1</Filter>
    </ClInclude>
    <ClInclude Include="Sjediste.h">
      <Filter>Header Files\z2</Filter>
    </ClInclude>
    <ClInclude Include="Radnik.h">
      <Filter>Header Files\z3</Filter>
    </ClInclude>
    <ClInclude Include="Bioskop.h">
      <Filter>Header Files\z4</Filter>
    </ClInclude>
    <ClInclude Include="Sala.h">
      <Filter>Header Files\z2</Filter>
    </ClInclude>
  </ItemGroup>
</Project>